
Microsoft Visual Studio Solution File, Format Version 12.00
# Visual Studio Version 16
VisualStudioVersion = 16.0.31729.503
MinimumVisualStudioVersion = 10.0.40219.1
Project("{FAE04EC0-301F-11D3-BF4B-00C04F79EFBC}") = "Recursion", "Recursion\Recursion.csproj", "{5CFD5861-F48C-4318-9C2E-E4B069023215}"
EndProject
Global
	GlobalSection(SolutionConfigurationPlatforms) = preSolution
		Debug|Any CPU = Debug|Any CPU
		Release|Any CPU = Release|Any CPU
	EndGlobalSection
	GlobalSection(ProjectConfigurationPlatforms) = postSolution
		{5CFD5861-F48C-4318-9C2E-E4B069023215}.Debug|Any CPU.ActiveCfg = Debug|Any CPU
		{5CFD5861-F48C-4318-9C2E-E4B069023215}.Debug|Any CPU.Build.0 = Debug|Any CPU
		{5CFD5861-F48C-4318-9C2E-E4B069023215}.Release|Any CPU.ActiveCfg = Release|Any CPU
		{5CFD5861-F48C-4318-9C2E-E4B069023215}.Release|Any CPU.Build.0 = Release|Any CPU
	EndGlobalSection
	GlobalSection(SolutionProperties) = preSolution
		HideSolutionNode = FALSE
	EndGlobalSection
	GlobalSection(ExtensibilityGlobals) = postSolution
		SolutionGuid = {EEDF6D79-90AA-44EF-A7CE-A98DC12A1D80}
	EndGlobalSection
EndGlobal
